
Microsoft Visual Studio Solution File, Format Version 12.00
# Visual Studio Version 17
VisualStudioVersion = 17.3.32811.315
MinimumVisualStudioVersion = 10.0.40219.1
Project("{FAE04EC0-301F-11D3-BF4B-00C04F79EFBC}") = "Peek.API", "Peek.API\Peek.API.csproj", "{ECABA6AB-7D84-48AA-80A7-EE113DF9875E}"
EndProject
Project("{FAE04EC0-301F-11D3-BF4B-00C04F79EFBC}") = "Peek.Models", "Peek.Models\Peek.Models.csproj", "{3B119121-F8AE-4D41-A0E5-1F496DDC5A45}"
EndProject
Project("{FAE04EC0-301F-11D3-BF4B-00C04F79EFBC}") = "Peek.Repository", "Peek.Repository\Peek.Repository.csproj", "{96085137-90F0-45A5-AF91-C937DA913883}"
EndProject
Global
	GlobalSection(SolutionConfigurationPlatforms) = preSolution
		Debug|Any CPU = Debug|Any CPU
		Release|Any CPU = Release|Any CPU
	EndGlobalSection
	GlobalSection(ProjectConfigurationPlatforms) = postSolution
		{ECABA6AB-7D84-48AA-80A7-EE113DF9875E}.Debug|Any CPU.ActiveCfg = Debug|Any CPU
		{ECABA6AB-7D84-48AA-80A7-EE113DF9875E}.Debug|Any CPU.Build.0 = Debug|Any CPU
		{ECABA6AB-7D84-48AA-80A7-EE113DF9875E}.Release|Any CPU.ActiveCfg = Release|Any CPU
		{ECABA6AB-7D84-48AA-80A7-EE113DF9875E}.Release|Any CPU.Build.0 = Release|Any CPU
		{3B119121-F8AE-4D41-A0E5-1F496DDC5A45}.Debug|Any CPU.ActiveCfg = Debug|Any CPU
		{3B119121-F8AE-4D41-A0E5-1F496DDC5A45}.Debug|Any CPU.Build.0 = Debug|Any CPU
		{3B119121-F8AE-4D41-A0E5-1F496DDC5A45}.Release|Any CPU.ActiveCfg = Release|Any CPU
		{3B119121-F8AE-4D41-A0E5-1F496DDC5A45}.Release|Any CPU.Build.0 = Release|Any CPU
		{96085137-90F0-45A5-AF91-C937DA913883}.Debug|Any CPU.ActiveCfg = Debug|Any CPU
		{96085137-90F0-45A5-AF91-C937DA913883}.Debug|Any CPU.Build.0 = Debug|Any CPU
		{96085137-90F0-45A5-AF91-C937DA913883}.Release|Any CPU.ActiveCfg = Release|Any CPU
		{96085137-90F0-45A5-AF91-C937DA913883}.Release|Any CPU.Build.0 = Release|Any CPU
	EndGlobalSection
	GlobalSection(SolutionProperties) = preSolution
		HideSolutionNode = FALSE
	EndGlobalSection
	GlobalSection(ExtensibilityGlobals) = postSolution
		SolutionGuid = {C0AAE6FB-86A4-4013-A61A-7947D83CA8AF}
	EndGlobalSection
EndGlobal
